
Microsoft Visual Studio Solution File, Format Version 12.00
# Visual Studio 15
VisualStudioVersion = 15.0.26730.15
MinimumVisualStudioVersion = 10.0.40219.1
Project("{FAE04EC0-301F-11D3-BF4B-00C04F79EFBC}") = "LojaInfoshot", "LojaInfoshot\LojaInfoshot.csproj", "{061F0A74-57B1-4B4D-9BCC-829CD6111239}"
EndProject
Global
	GlobalSection(SolutionConfigurationPlatforms) = preSolution
		Debug|Any CPU = Debug|Any CPU
		Release|Any CPU = Release|Any CPU
	EndGlobalSection
	GlobalSection(ProjectConfigurationPlatforms) = postSolution
		{061F0A74-57B1-4B4D-9BCC-829CD6111239}.Debug|Any CPU.ActiveCfg = Debug|Any CPU
		{061F0A74-57B1-4B4D-9BCC-829CD6111239}.Debug|Any CPU.Build.0 = Debug|Any CPU
		{061F0A74-57B1-4B4D-9BCC-829CD6111239}.Release|Any CPU.ActiveCfg = Release|Any CPU
		{061F0A74-57B1-4B4D-9BCC-829CD6111239}.Release|Any CPU.Build.0 = Release|Any CPU
	EndGlobalSection
	GlobalSection(SolutionProperties) = preSolution
		HideSolutionNode = FALSE
	EndGlobalSection
	GlobalSection(ExtensibilityGlobals) = postSolution
		SolutionGuid = {2162F771-5525-44D7-8AF2-3FF3A921F5E0}
	EndGlobalSection
EndGlobal
